
Microsoft Visual Studio Solution File, Format Version 12.00
# Visual Studio 15
VisualStudioVersion = 15.0.26228.4
MinimumVisualStudioVersion = 10.0.40219.1
Project("{9A19103F-16F7-4668-BE54-9A1E7A4F7556}") = "ApplicationLayer", "ApplicationLayer\ApplicationLayer.csproj", "{831E2512-21C8-4214-A675-3DE822BFDD94}"
EndProject
Project("{2150E333-8FDC-42A3-9474-1A3956D46DE8}") = "Tests", "Tests", "{3F49E0A4-0C7A-452F-8386-854F7DBD2C26}"
EndProject
Project("{9A19103F-16F7-4668-BE54-9A1E7A4F7556}") = "ApplicationLayerTests", "ApplicationLayerTests\ApplicationLayerTests.csproj", "{89C6505E-1FD8-466B-B0DB-1A2FE83A3F2B}"
EndProject
Project("{9A19103F-16F7-4668-BE54-9A1E7A4F7556}") = "DomainLayer", "DomainLayer\DomainLayer.csproj", "{4D5B47C8-A869-4E72-9041-A9236649D94C}"
EndProject
Project("{9A19103F-16F7-4668-BE54-9A1E7A4F7556}") = "InfrastructureLayer", "InfrastructureLayer\InfrastructureLayer.csproj", "{398C3E32-C7C6-4046-A72F-0F5F5329469D}"
EndProject
Project("{9A19103F-16F7-4668-BE54-9A1E7A4F7556}") = "DomainLayerTests", "DomainLayerTests\DomainLayerTests.csproj", "{9C01B70E-8F9C-4729-8DC9-4B69003163E6}"
EndProject
Project("{2150E333-8FDC-42A3-9474-1A3956D46DE8}") = "Layers", "Layers", "{3ECCCA63-135A-4F9E-AAB1-E35BDBD5F725}"
EndProject
Project("{9A19103F-16F7-4668-BE54-9A1E7A4F7556}") = "Utilities", "Utilities\Utilities.csproj", "{1D61EBDA-4E83-4F7C-8A12-52E95C8158B0}"
EndProject
Project("{9A19103F-16F7-4668-BE54-9A1E7A4F7556}") = "InfrastructureLayerTests", "InfrastructureLayerTests\InfrastructureLayerTests.csproj", "{EC3B4EE6-4D1B-4317-A728-A42623F019B2}"
EndProject
Project("{2150E333-8FDC-42A3-9474-1A3956D46DE8}") = "Interfaces", "Interfaces", "{BE9998E0-AA75-42A7-8ABE-49242B6756E3}"
EndProject
Project("{9A19103F-16F7-4668-BE54-9A1E7A4F7556}") = "CLI", "CLI\CLI.csproj", "{0210E599-9926-453F-B578-6F6469EA7A0D}"
EndProject
Project("{9A19103F-16F7-4668-BE54-9A1E7A4F7556}") = "InfrastructureLayerTestsXunit", "InfrastructureLayerTestsXunit\InfrastructureLayerTestsXunit.csproj", "{DB9956F5-6BD5-45FE-B033-EC84DC043291}"
EndProject
Global
	GlobalSection(SolutionConfigurationPlatforms) = preSolution
		Debug|Any CPU = Debug|Any CPU
		Debug|x64 = Debug|x64
		Debug|x86 = Debug|x86
		Release|Any CPU = Release|Any CPU
		Release|x64 = Release|x64
		Release|x86 = Release|x86
	EndGlobalSection
	GlobalSection(ProjectConfigurationPlatforms) = postSolution
		{831E2512-21C8-4214-A675-3DE822BFDD94}.Debug|Any CPU.ActiveCfg = Debug|Any CPU
		{831E2512-21C8-4214-A675-3DE822BFDD94}.Debug|Any CPU.Build.0 = Debug|Any CPU
		{831E2512-21C8-4214-A675-3DE822BFDD94}.Debug|x64.ActiveCfg = Debug|Any CPU
		{831E2512-21C8-4214-A675-3DE822BFDD94}.Debug|x64.Build.0 = Debug|Any CPU
		{831E2512-21C8-4214-A675-3DE822BFDD94}.Debug|x86.ActiveCfg = Debug|Any CPU
		{831E2512-21C8-4214-A675-3DE822BFDD94}.Debug|x86.Build.0 = Debug|Any CPU
		{831E2512-21C8-4214-A675-3DE822BFDD94}.Release|Any CPU.ActiveCfg = Release|Any CPU
		{831E2512-21C8-4214-A675-3DE822BFDD94}.Release|Any CPU.Build.0 = Release|Any CPU
		{831E2512-21C8-4214-A675-3DE822BFDD94}.Release|x64.ActiveCfg = Release|Any CPU
		{831E2512-21C8-4214-A675-3DE822BFDD94}.Release|x64.Build.0 = Release|Any CPU
		{831E2512-21C8-4214-A675-3DE822BFDD94}.Release|x86.ActiveCfg = Release|Any CPU
		{831E2512-21C8-4214-A675-3DE822BFDD94}.Release|x86.Build.0 = Release|Any CPU
		{89C6505E-1FD8-466B-B0DB-1A2FE83A3F2B}.Debug|Any CPU.ActiveCfg = Debug|Any CPU
		{89C6505E-1FD8-466B-B0DB-1A2FE83A3F2B}.Debug|Any CPU.Build.0 = Debug|Any CPU
		{89C6505E-1FD8-466B-B0DB-1A2FE83A3F2B}.Debug|x64.ActiveCfg = Debug|Any CPU
		{89C6505E-1FD8-466B-B0DB-1A2FE83A3F2B}.Debug|x64.Build.0 = Debug|Any CPU
		{89C6505E-1FD8-466B-B0DB-1A2FE83A3F2B}.Debug|x86.ActiveCfg = Debug|Any CPU
		{89C6505E-1FD8-466B-B0DB-1A2FE83A3F2B}.Debug|x86.Build.0 = Debug|Any CPU
		{89C6505E-1FD8-466B-B0DB-1A2FE83A3F2B}.Release|Any CPU.ActiveCfg = Release|Any CPU
		{89C6505E-1FD8-466B-B0DB-1A2FE83A3F2B}.Release|Any CPU.Build.0 = Release|Any CPU
		{89C6505E-1FD8-466B-B0DB-1A2FE83A3F2B}.Release|x64.ActiveCfg = Release|Any CPU
		{89C6505E-1FD8-466B-B0DB-1A2FE83A3F2B}.Release|x64.Build.0 = Release|Any CPU
		{89C6505E-1FD8-466B-B0DB-1A2FE83A3F2B}.Release|x86.ActiveCfg = Release|Any CPU
		{89C6505E-1FD8-466B-B0DB-1A2FE83A3F2B}.Release|x86.Build.0 = Release|Any CPU
		{4D5B47C8-A869-4E72-9041-A9236649D94C}.Debug|Any CPU.ActiveCfg = Debug|Any CPU
		{4D5B47C8-A869-4E72-9041-A9236649D94C}.Debug|Any CPU.Build.0 = Debug|Any CPU
		{4D5B47C8-A869-4E72-9041-A9236649D94C}.Debug|x64.ActiveCfg = Debug|Any CPU
		{4D5B47C8-A869-4E72-9041-A9236649D94C}.Debug|x64.Build.0 = Debug|Any CPU
		{4D5B47C8-A869-4E72-9041-A9236649D94C}.Debug|x86.ActiveCfg = Debug|Any CPU
		{4D5B47C8-A869-4E72-9041-A9236649D94C}.Debug|x86.Build.0 = Debug|Any CPU
		{4D5B47C8-A869-4E72-9041-A9236649D94C}.Release|Any CPU.ActiveCfg = Release|Any CPU
		{4D5B47C8-A869-4E72-9041-A9236649D94C}.Release|Any CPU.Build.0 = Release|Any CPU
		{4D5B47C8-A869-4E72-9041-A9236649D94C}.Release|x64.ActiveCfg = Release|Any CPU
		{4D5B47C8-A869-4E72-9041-A9236649D94C}.Release|x64.Build.0 = Release|Any CPU
		{4D5B47C8-A869-4E72-9041-A9236649D94C}.Release|x86.ActiveCfg = Release|Any CPU
		{4D5B47C8-A869-4E72-9041-A9236649D94C}.Release|x86.Build.0 = Release|Any CPU
		{398C3E32-C7C6-4046-A72F-0F5F5329469D}.Debug|Any CPU.ActiveCfg = Debug|Any CPU
		{398C3E32-C7C6-4046-A72F-0F5F5329469D}.Debug|Any CPU.Build.0 = Debug|Any CPU
		{398C3E32-C7C6-4046-A72F-0F5F5329469D}.Debug|x64.ActiveCfg = Debug|Any CPU
		{398C3E32-C7C6-4046-A72F-0F5F5329469D}.Debug|x64.Build.0 = Debug|Any CPU
		{398C3E32-C7C6-4046-A72F-0F5F5329469D}.Debug|x86.ActiveCfg = Debug|Any CPU
		{398C3E32-C7C6-4046-A72F-0F5F5329469D}.Debug|x86.Build.0 = Debug|Any CPU
		{398C3E32-C7C6-4046-A72F-0F5F5329469D}.Release|Any CPU.ActiveCfg = Release|Any CPU
		{398C3E32-C7C6-4046-A72F-0F5F5329469D}.Release|Any CPU.Build.0 = Release|Any CPU
		{398C3E32-C7C6-4046-A72F-0F5F5329469D}.Release|x64.ActiveCfg = Release|Any CPU
		{398C3E32-C7C6-4046-A72F-0F5F5329469D}.Release|x64.Build.0 = Release|Any CPU
		{398C3E32-C7C6-4046-A72F-0F5F5329469D}.Release|x86.ActiveCfg = Release|Any CPU
		{398C3E32-C7C6-4046-A72F-0F5F5329469D}.Release|x86.Build.0 = Release|Any CPU
		{9C01B70E-8F9C-4729-8DC9-4B69003163E6}.Debug|Any CPU.ActiveCfg = Debug|Any CPU
		{9C01B70E-8F9C-4729-8DC9-4B69003163E6}.Debug|Any CPU.Build.0 = Debug|Any CPU
		{9C01B70E-8F9C-4729-8DC9-4B69003163E6}.Debug|x64.ActiveCfg = Debug|Any CPU
		{9C01B70E-8F9C-4729-8DC9-4B69003163E6}.Debug|x64.Build.0 = Debug|Any CPU
		{9C01B70E-8F9C-4729-8DC9-4B69003163E6}.Debug|x86.ActiveCfg = Debug|Any CPU
		{9C01B70E-8F9C-4729-8DC9-4B69003163E6}.Debug|x86.Build.0 = Debug|Any CPU
		{9C01B70E-8F9C-4729-8DC9-4B69003163E6}.Release|Any CPU.ActiveCfg = Release|Any CPU
		{9C01B70E-8F9C-4729-8DC9-4B69003163E6}.Release|Any CPU.Build.0 = Release|Any CPU
		{9C01B70E-8F9C-4729-8DC9-4B69003163E6}.Release|x64.ActiveCfg = Release|Any CPU
		{9C01B70E-8F9C-4729-8DC9-4B69003163E6}.Release|x64.Build.0 = Release|Any CPU
		{9C01B70E-8F9C-4729-8DC9-4B69003163E6}.Release|x86.ActiveCfg = Release|Any CPU
		{9C01B70E-8F9C-4729-8DC9-4B69003163E6}.Release|x86.Build.0 = Release|Any CPU
		{1D61EBDA-4E83-4F7C-8A12-52E95C8158B0}.Debug|Any CPU.ActiveCfg = Debug|Any CPU
		{1D61EBDA-4E83-4F7C-8A12-52E95C8158B0}.Debug|Any CPU.Build.0 = Debug|Any CPU
		{1D61EBDA-4E83-4F7C-8A12-52E95C8158B0}.Debug|x64.ActiveCfg = Debug|Any CPU
		{1D61EBDA-4E83-4F7C-8A12-52E95C8158B0}.Debug|x64.Build.0 = Debug|Any CPU
		{1D61EBDA-4E83-4F7C-8A12-52E95C8158B0}.Debug|x86.ActiveCfg = Debug|Any CPU
		{1D61EBDA-4E83-4F7C-8A12-52E95C8158B0}.Debug|x86.Build.0 = Debug|Any CPU
		{1D61EBDA-4E83-4F7C-8A12-52E95C8158B0}.Release|Any CPU.ActiveCfg = Release|Any CPU
		{1D61EBDA-4E83-4F7C-8A12-52E95C8158B0}.Release|Any CPU.Build.0 = Release|Any CPU
		{1D61EBDA-4E83-4F7C-8A12-52E95C8158B0}.Release|x64.ActiveCfg = Release|Any CPU
		{1D61EBDA-4E83-4F7C-8A12-52E95C8158B0}.Release|x64.Build.0 = Release|Any CPU
		{1D61EBDA-4E83-4F7C-8A12-52E95C8158B0}.Release|x86.ActiveCfg = Release|Any CPU
		{1D61EBDA-4E83-4F7C-8A12-52E95C8158B0}.Release|x86.Build.0 = Release|Any CPU
		{EC3B4EE6-4D1B-4317-A728-A42623F019B2}.Debug|Any CPU.ActiveCfg = Debug|Any CPU
		{EC3B4EE6-4D1B-4317-A728-A42623F019B2}.Debug|Any CPU.Build.0 = Debug|Any CPU
		{EC3B4EE6-4D1B-4317-A728-A42623F019B2}.Debug|x64.ActiveCfg = Debug|Any CPU
		{EC3B4EE6-4D1B-4317-A728-A42623F019B2}.Debug|x64.Build.0 = Debug|Any CPU
		{EC3B4EE6-4D1B-4317-A728-A42623F019B2}.Debug|x86.ActiveCfg = Debug|Any CPU
		{EC3B4EE6-4D1B-4317-A728-A42623F019B2}.Debug|x86.Build.0 = Debug|Any CPU
		{EC3B4EE6-4D1B-4317-A728-A42623F019B2}.Release|Any CPU.ActiveCfg = Release|Any CPU
		{EC3B4EE6-4D1B-4317-A728-A42623F019B2}.Release|Any CPU.Build.0 = Release|Any CPU
		{EC3B4EE6-4D1B-4317-A728-A42623F019B2}.Release|x64.ActiveCfg = Release|Any CPU
		{EC3B4EE6-4D1B-4317-A728-A42623F019B2}.Release|x64.Build.0 = Release|Any CPU
		{EC3B4EE6-4D1B-4317-A728-A42623F019B2}.Release|x86.ActiveCfg = Release|Any CPU
		{EC3B4EE6-4D1B-4317-A728-A42623F019B2}.Release|x86.Build.0 = Release|Any CPU
		{0210E599-9926-453F-B578-6F6469EA7A0D}.Debug|Any CPU.ActiveCfg = Debug|Any CPU
		{0210E599-9926-453F-B578-6F6469EA7A0D}.Debug|Any CPU.Build.0 = Debug|Any CPU
		{0210E599-9926-453F-B578-6F6469EA7A0D}.Debug|x64.ActiveCfg = Debug|Any CPU
		{0210E599-9926-453F-B578-6F6469EA7A0D}.Debug|x64.Build.0 = Debug|Any CPU
		{0210E599-9926-453F-B578-6F6469EA7A0D}.Debug|x86.ActiveCfg = Debug|Any CPU
		{0210E599-9926-453F-B578-6F6469EA7A0D}.Debug|x86.Build.0 = Debug|Any CPU
		{0210E599-9926-453F-B578-6F6469EA7A0D}.Release|Any CPU.ActiveCfg = Release|Any CPU
		{0210E599-9926-453F-B578-6F6469EA7A0D}.Release|Any CPU.Build.0 = Release|Any CPU
		{0210E599-9926-453F-B578-6F6469EA7A0D}.Release|x64.ActiveCfg = Release|Any CPU
		{0210E599-9926-453F-B578-6F6469EA7A0D}.Release|x64.Build.0 = Release|Any CPU
		{0210E599-9926-453F-B578-6F6469EA7A0D}.Release|x86.ActiveCfg = Release|Any CPU
		{0210E599-9926-453F-B578-6F6469EA7A0D}.Release|x86.Build.0 = Release|Any CPU
		{DB9956F5-6BD5-45FE-B033-EC84DC043291}.Debug|Any CPU.ActiveCfg = Debug|Any CPU
		{DB9956F5-6BD5-45FE-B033-EC84DC043291}.Debug|Any CPU.Build.0 = Debug|Any CPU
		{DB9956F5-6BD5-45FE-B033-EC84DC043291}.Debug|x64.ActiveCfg = Debug|Any CPU
		{DB9956F5-6BD5-45FE-B033-EC84DC043291}.Debug|x64.Build.0 = Debug|Any CPU
		{DB9956F5-6BD5-45FE-B033-EC84DC043291}.Debug|x86.ActiveCfg = Debug|Any CPU
		{DB9956F5-6BD5-45FE-B033-EC84DC043291}.Debug|x86.Build.0 = Debug|Any CPU
		{DB9956F5-6BD5-45FE-B033-EC84DC043291}.Release|Any CPU.ActiveCfg = Release|Any CPU
		{DB9956F5-6BD5-45FE-B033-EC84DC043291}.Release|Any CPU.Build.0 = Release|Any CPU
		{DB9956F5-6BD5-45FE-B033-EC84DC043291}.Release|x64.ActiveCfg = Release|Any CPU
		{DB9956F5-6BD5-45FE-B033-EC84DC043291}.Release|x64.Build.0 = Release|Any CPU
		{DB9956F5-6BD5-45FE-B033-EC84DC043291}.Release|x86.ActiveCfg = Release|Any CPU
		{DB9956F5-6BD5-45FE-B033-EC84DC043291}.Release|x86.Build.0 = Release|Any CPU
	EndGlobalSection
	GlobalSection(SolutionProperties) = preSolution
		HideSolutionNode = FALSE
	EndGlobalSection
	GlobalSection(NestedProjects) = preSolution
		{831E2512-21C8-4214-A675-3DE822BFDD94} = {3ECCCA63-135A-4F9E-AAB1-E35BDBD5F725}
		{89C6505E-1FD8-466B-B0DB-1A2FE83A3F2B} = {3F49E0A4-0C7A-452F-8386-854F7DBD2C26}
		{4D5B47C8-A869-4E72-9041-A9236649D94C} = {3ECCCA63-135A-4F9E-AAB1-E35BDBD5F725}
		{398C3E32-C7C6-4046-A72F-0F5F5329469D} = {3ECCCA63-135A-4F9E-AAB1-E35BDBD5F725}
		{9C01B70E-8F9C-4729-8DC9-4B69003163E6} = {3F49E0A4-0C7A-452F-8386-854F7DBD2C26}
		{EC3B4EE6-4D1B-4317-A728-A42623F019B2} = {3F49E0A4-0C7A-452F-8386-854F7DBD2C26}
		{0210E599-9926-453F-B578-6F6469EA7A0D} = {BE9998E0-AA75-42A7-8ABE-49242B6756E3}
		{DB9956F5-6BD5-45FE-B033-EC84DC043291} = {3F49E0A4-0C7A-452F-8386-854F7DBD2C26}
	EndGlobalSection
EndGlobal
